
Microsoft Visual Studio Solution File, Format Version 12.00
# Visual Studio Version 17
VisualStudioVersion = 17.6.33717.318
MinimumVisualStudioVersion = 10.0.40219.1
Project("{2150E333-8FDC-42A3-9474-1A3956D46DE8}") = "src", "src", "{2002253F-7ACF-4452-866F-3AC24FF113AE}"
EndProject
Project("{9A19103F-16F7-4668-BE54-9A1E7A4F7556}") = "POS.Domain", "src\Domain\POS.Domain.csproj", "{DBCFB15E-8A8D-4B82-95B5-D2A3E362DA10}"
EndProject
Project("{9A19103F-16F7-4668-BE54-9A1E7A4F7556}") = "POS.Feature", "src\Application\POS.Feature.csproj", "{A61F8DF4-48D0-4602-923D-5047A4E2E6F0}"
EndProject
Project("{9A19103F-16F7-4668-BE54-9A1E7A4F7556}") = "POS.DataAccess", "src\DataAccess\POS.DataAccess.csproj", "{D57BC839-ECA8-4383-A08D-A2079F7599EE}"
EndProject
Project("{9A19103F-16F7-4668-BE54-9A1E7A4F7556}") = "POS.WebApp", "src\Webapp\POS.WebApp.csproj", "{B2FE88F5-8104-480E-B258-53A0C6B60313}"
EndProject
Global
	GlobalSection(SolutionConfigurationPlatforms) = preSolution
		Debug|Any CPU = Debug|Any CPU
		Release|Any CPU = Release|Any CPU
	EndGlobalSection
	GlobalSection(ProjectConfigurationPlatforms) = postSolution
		{DBCFB15E-8A8D-4B82-95B5-D2A3E362DA10}.Debug|Any CPU.ActiveCfg = Debug|Any CPU
		{DBCFB15E-8A8D-4B82-95B5-D2A3E362DA10}.Debug|Any CPU.Build.0 = Debug|Any CPU
		{DBCFB15E-8A8D-4B82-95B5-D2A3E362DA10}.Release|Any CPU.ActiveCfg = Release|Any CPU
		{DBCFB15E-8A8D-4B82-95B5-D2A3E362DA10}.Release|Any CPU.Build.0 = Release|Any CPU
		{A61F8DF4-48D0-4602-923D-5047A4E2E6F0}.Debug|Any CPU.ActiveCfg = Debug|Any CPU
		{A61F8DF4-48D0-4602-923D-5047A4E2E6F0}.Debug|Any CPU.Build.0 = Debug|Any CPU
		{A61F8DF4-48D0-4602-923D-5047A4E2E6F0}.Release|Any CPU.ActiveCfg = Release|Any CPU
		{A61F8DF4-48D0-4602-923D-5047A4E2E6F0}.Release|Any CPU.Build.0 = Release|Any CPU
		{D57BC839-ECA8-4383-A08D-A2079F7599EE}.Debug|Any CPU.ActiveCfg = Debug|Any CPU
		{D57BC839-ECA8-4383-A08D-A2079F7599EE}.Debug|Any CPU.Build.0 = Debug|Any CPU
		{D57BC839-ECA8-4383-A08D-A2079F7599EE}.Release|Any CPU.ActiveCfg = Release|Any CPU
		{D57BC839-ECA8-4383-A08D-A2079F7599EE}.Release|Any CPU.Build.0 = Release|Any CPU
		{B2FE88F5-8104-480E-B258-53A0C6B60313}.Debug|Any CPU.ActiveCfg = Debug|Any CPU
		{B2FE88F5-8104-480E-B258-53A0C6B60313}.Debug|Any CPU.Build.0 = Debug|Any CPU
		{B2FE88F5-8104-480E-B258-53A0C6B60313}.Release|Any CPU.ActiveCfg = Release|Any CPU
		{B2FE88F5-8104-480E-B258-53A0C6B60313}.Release|Any CPU.Build.0 = Release|Any CPU
	EndGlobalSection
	GlobalSection(SolutionProperties) = preSolution
		HideSolutionNode = FALSE
	EndGlobalSection
	GlobalSection(NestedProjects) = preSolution
		{DBCFB15E-8A8D-4B82-95B5-D2A3E362DA10} = {2002253F-7ACF-4452-866F-3AC24FF113AE}
		{A61F8DF4-48D0-4602-923D-5047A4E2E6F0} = {2002253F-7ACF-4452-866F-3AC24FF113AE}
		{D57BC839-ECA8-4383-A08D-A2079F7599EE} = {2002253F-7ACF-4452-866F-3AC24FF113AE}
		{B2FE88F5-8104-480E-B258-53A0C6B60313} = {2002253F-7ACF-4452-866F-3AC24FF113AE}
	EndGlobalSection
	GlobalSection(ExtensibilityGlobals) = postSolution
		SolutionGuid = {739443B2-83F6-4068-84C8-C2B029E5C7B1}
	EndGlobalSection
EndGlobal
